
Microsoft Visual Studio Solution File, Format Version 12.00
# Visual Studio 15
VisualStudioVersion = 15.0.28010.2036
MinimumVisualStudioVersion = 10.0.40219.1
Project("{FAE04EC0-301F-11D3-BF4B-00C04F79EFBC}") = "NCKH", "NCKH\NCKH.csproj", "{A55C9E8C-4F72-45BE-A4E3-56BCDD30F246}"
EndProject
Global
	GlobalSection(SolutionConfigurationPlatforms) = preSolution
		Debug|Any CPU = Debug|Any CPU
		Release|Any CPU = Release|Any CPU
	EndGlobalSection
	GlobalSection(ProjectConfigurationPlatforms) = postSolution
		{A55C9E8C-4F72-45BE-A4E3-56BCDD30F246}.Debug|Any CPU.ActiveCfg = Debug|Any CPU
		{A55C9E8C-4F72-45BE-A4E3-56BCDD30F246}.Debug|Any CPU.Build.0 = Debug|Any CPU
		{A55C9E8C-4F72-45BE-A4E3-56BCDD30F246}.Release|Any CPU.ActiveCfg = Release|Any CPU
		{A55C9E8C-4F72-45BE-A4E3-56BCDD30F246}.Release|Any CPU.Build.0 = Release|Any CPU
	EndGlobalSection
	GlobalSection(SolutionProperties) = preSolution
		HideSolutionNode = FALSE
	EndGlobalSection
	GlobalSection(ExtensibilityGlobals) = postSolution
		SolutionGuid = {3915AB0D-28DE-4205-82F2-76BDEC62A780}
	EndGlobalSection
EndGlobal
